
Microsoft Visual Studio Solution File, Format Version 12.00
Project("{FAE04EC0-301F-11D3-BF4B-00C04F79EFBC}") = "Omtv.Api", "Omtv.Api\Omtv.Api.csproj", "{00E1DAA1-E117-4F0B-ADE8-18479A44AAF7}"
EndProject
Project("{FAE04EC0-301F-11D3-BF4B-00C04F79EFBC}") = "Omtv.Engine", "Omtv.Engine\Omtv.Engine.csproj", "{159C0682-78CE-44ED-88CF-F187E1DCE173}"
EndProject
Project("{FAE04EC0-301F-11D3-BF4B-00C04F79EFBC}") = "Omtv.Csv", "Omtv.Csv\Omtv.Csv.csproj", "{86B4B128-E9BD-403C-8BA3-E55529E06DD0}"
EndProject
Project("{FAE04EC0-301F-11D3-BF4B-00C04F79EFBC}") = "Omtv.Tests", "Omtv.Tests\Omtv.Tests.csproj", "{1CAC249A-597D-4FA1-A2B5-F7E4771B7908}"
EndProject
Project("{FAE04EC0-301F-11D3-BF4B-00C04F79EFBC}") = "Omtv.Html", "Omtv.Html\Omtv.Html.csproj", "{0FD286D5-5D21-4025-9C8A-F66587B64116}"
EndProject
Project("{FAE04EC0-301F-11D3-BF4B-00C04F79EFBC}") = "Omtv.Excel", "Omtv.Excel\Omtv.Excel.csproj", "{5369A52C-30C2-470D-A4F5-9C55175E9087}"
EndProject
Project("{FAE04EC0-301F-11D3-BF4B-00C04F79EFBC}") = "Omtv.Pdf", "Omtv.Pdf\Omtv.Pdf.csproj", "{CE9C2035-00FC-490B-A9A5-1B32A2CE79F3}"
EndProject
Global
	GlobalSection(SolutionConfigurationPlatforms) = preSolution
		Debug|Any CPU = Debug|Any CPU
		Release|Any CPU = Release|Any CPU
	EndGlobalSection
	GlobalSection(ProjectConfigurationPlatforms) = postSolution
		{00E1DAA1-E117-4F0B-ADE8-18479A44AAF7}.Debug|Any CPU.ActiveCfg = Debug|Any CPU
		{00E1DAA1-E117-4F0B-ADE8-18479A44AAF7}.Debug|Any CPU.Build.0 = Debug|Any CPU
		{00E1DAA1-E117-4F0B-ADE8-18479A44AAF7}.Release|Any CPU.ActiveCfg = Release|Any CPU
		{00E1DAA1-E117-4F0B-ADE8-18479A44AAF7}.Release|Any CPU.Build.0 = Release|Any CPU
		{159C0682-78CE-44ED-88CF-F187E1DCE173}.Debug|Any CPU.ActiveCfg = Debug|Any CPU
		{159C0682-78CE-44ED-88CF-F187E1DCE173}.Debug|Any CPU.Build.0 = Debug|Any CPU
		{159C0682-78CE-44ED-88CF-F187E1DCE173}.Release|Any CPU.ActiveCfg = Release|Any CPU
		{159C0682-78CE-44ED-88CF-F187E1DCE173}.Release|Any CPU.Build.0 = Release|Any CPU
		{86B4B128-E9BD-403C-8BA3-E55529E06DD0}.Debug|Any CPU.ActiveCfg = Debug|Any CPU
		{86B4B128-E9BD-403C-8BA3-E55529E06DD0}.Debug|Any CPU.Build.0 = Debug|Any CPU
		{86B4B128-E9BD-403C-8BA3-E55529E06DD0}.Release|Any CPU.ActiveCfg = Release|Any CPU
		{86B4B128-E9BD-403C-8BA3-E55529E06DD0}.Release|Any CPU.Build.0 = Release|Any CPU
		{1CAC249A-597D-4FA1-A2B5-F7E4771B7908}.Debug|Any CPU.ActiveCfg = Debug|Any CPU
		{1CAC249A-597D-4FA1-A2B5-F7E4771B7908}.Debug|Any CPU.Build.0 = Debug|Any CPU
		{1CAC249A-597D-4FA1-A2B5-F7E4771B7908}.Release|Any CPU.ActiveCfg = Release|Any CPU
		{1CAC249A-597D-4FA1-A2B5-F7E4771B7908}.Release|Any CPU.Build.0 = Release|Any CPU
		{0FD286D5-5D21-4025-9C8A-F66587B64116}.Debug|Any CPU.ActiveCfg = Debug|Any CPU
		{0FD286D5-5D21-4025-9C8A-F66587B64116}.Debug|Any CPU.Build.0 = Debug|Any CPU
		{0FD286D5-5D21-4025-9C8A-F66587B64116}.Release|Any CPU.ActiveCfg = Release|Any CPU
		{0FD286D5-5D21-4025-9C8A-F66587B64116}.Release|Any CPU.Build.0 = Release|Any CPU
		{5369A52C-30C2-470D-A4F5-9C55175E9087}.Debug|Any CPU.ActiveCfg = Debug|Any CPU
		{5369A52C-30C2-470D-A4F5-9C55175E9087}.Debug|Any CPU.Build.0 = Debug|Any CPU
		{5369A52C-30C2-470D-A4F5-9C55175E9087}.Release|Any CPU.ActiveCfg = Release|Any CPU
		{5369A52C-30C2-470D-A4F5-9C55175E9087}.Release|Any CPU.Build.0 = Release|Any CPU
		{CE9C2035-00FC-490B-A9A5-1B32A2CE79F3}.Debug|Any CPU.ActiveCfg = Debug|Any CPU
		{CE9C2035-00FC-490B-A9A5-1B32A2CE79F3}.Debug|Any CPU.Build.0 = Debug|Any CPU
		{CE9C2035-00FC-490B-A9A5-1B32A2CE79F3}.Release|Any CPU.ActiveCfg = Release|Any CPU
		{CE9C2035-00FC-490B-A9A5-1B32A2CE79F3}.Release|Any CPU.Build.0 = Release|Any CPU
	EndGlobalSection
EndGlobal
